
Microsoft Visual Studio Solution File, Format Version 12.00
# Visual Studio 15
VisualStudioVersion = 15.0.27004.2009
MinimumVisualStudioVersion = 10.0.40219.1
Project("{2150E333-8FDC-42A3-9474-1A3956D46DE8}") = "lib", "lib", "{0100214C-1FEC-4BDB-9F44-B6461F236500}"
EndProject
Project("{2150E333-8FDC-42A3-9474-1A3956D46DE8}") = "scripts", "scripts", "{982E887C-F609-4D7D-8555-AC9C8DA7397F}"
	ProjectSection(SolutionItems) = preProject
		scripts\add-migration.cmd = scripts\add-migration.cmd
	EndProjectSection
EndProject
Project("{2150E333-8FDC-42A3-9474-1A3956D46DE8}") = "src", "src", "{B6965364-6DD0-4CDD-A5E7-68F8465D8EB1}"
EndProject
Project("{2150E333-8FDC-42A3-9474-1A3956D46DE8}") = "specs", "specs", "{AA717048-50E4-4A38-B0A8-53EEFAD6D252}"
EndProject
Project("{9A19103F-16F7-4668-BE54-9A1E7A4F7556}") = "Domion", "lib\Domion\Domion.csproj", "{F615651A-B6EC-432E-8068-F3792847AC86}"
EndProject
Project("{9A19103F-16F7-4668-BE54-9A1E7A4F7556}") = "Domion.Data", "lib\Domion.Data\Domion.Data.csproj", "{BCF2078B-ED86-4C06-BB9D-EFC2A870B869}"
EndProject
Project("{9A19103F-16F7-4668-BE54-9A1E7A4F7556}") = "Domion.Testing", "lib\Domion.Testing\Domion.Testing.csproj", "{E2CE719A-29DB-42BC-9B7C-E0A0FB720710}"
EndProject
Project("{2150E333-8FDC-42A3-9474-1A3956D46DE8}") = "Solution Items", "Solution Items", "{7BE6E0F7-19FF-4A53-B151-2D9094E027CD}"
	ProjectSection(SolutionItems) = preProject
		.editorconfig = .editorconfig
	EndProjectSection
EndProject
Project("{9A19103F-16F7-4668-BE54-9A1E7A4F7556}") = "Scripts.Cli", "src\Scripts.Cli\Scripts.Cli.csproj", "{774CBAAD-2253-45B8-BD0B-51929D48E4FF}"
EndProject
Project("{FAE04EC0-301F-11D3-BF4B-00C04F79EFBC}") = "Budget.Specs", "specs\Budget.Specs\Budget.Specs.csproj", "{D7329EFB-6A57-4ED5-AA02-3EC3D7BD6307}"
EndProject
Global
	GlobalSection(SolutionConfigurationPlatforms) = preSolution
		Debug|Any CPU = Debug|Any CPU
		Release|Any CPU = Release|Any CPU
	EndGlobalSection
	GlobalSection(ProjectConfigurationPlatforms) = postSolution
		{F615651A-B6EC-432E-8068-F3792847AC86}.Debug|Any CPU.ActiveCfg = Debug|Any CPU
		{F615651A-B6EC-432E-8068-F3792847AC86}.Debug|Any CPU.Build.0 = Debug|Any CPU
		{F615651A-B6EC-432E-8068-F3792847AC86}.Release|Any CPU.ActiveCfg = Release|Any CPU
		{F615651A-B6EC-432E-8068-F3792847AC86}.Release|Any CPU.Build.0 = Release|Any CPU
		{BCF2078B-ED86-4C06-BB9D-EFC2A870B869}.Debug|Any CPU.ActiveCfg = Debug|Any CPU
		{BCF2078B-ED86-4C06-BB9D-EFC2A870B869}.Debug|Any CPU.Build.0 = Debug|Any CPU
		{BCF2078B-ED86-4C06-BB9D-EFC2A870B869}.Release|Any CPU.ActiveCfg = Release|Any CPU
		{BCF2078B-ED86-4C06-BB9D-EFC2A870B869}.Release|Any CPU.Build.0 = Release|Any CPU
		{E2CE719A-29DB-42BC-9B7C-E0A0FB720710}.Debug|Any CPU.ActiveCfg = Debug|Any CPU
		{E2CE719A-29DB-42BC-9B7C-E0A0FB720710}.Debug|Any CPU.Build.0 = Debug|Any CPU
		{E2CE719A-29DB-42BC-9B7C-E0A0FB720710}.Release|Any CPU.ActiveCfg = Release|Any CPU
		{E2CE719A-29DB-42BC-9B7C-E0A0FB720710}.Release|Any CPU.Build.0 = Release|Any CPU
		{774CBAAD-2253-45B8-BD0B-51929D48E4FF}.Debug|Any CPU.ActiveCfg = Debug|Any CPU
		{774CBAAD-2253-45B8-BD0B-51929D48E4FF}.Debug|Any CPU.Build.0 = Debug|Any CPU
		{774CBAAD-2253-45B8-BD0B-51929D48E4FF}.Release|Any CPU.ActiveCfg = Release|Any CPU
		{774CBAAD-2253-45B8-BD0B-51929D48E4FF}.Release|Any CPU.Build.0 = Release|Any CPU
		{D7329EFB-6A57-4ED5-AA02-3EC3D7BD6307}.Debug|Any CPU.ActiveCfg = Debug|Any CPU
		{D7329EFB-6A57-4ED5-AA02-3EC3D7BD6307}.Debug|Any CPU.Build.0 = Debug|Any CPU
		{D7329EFB-6A57-4ED5-AA02-3EC3D7BD6307}.Release|Any CPU.ActiveCfg = Release|Any CPU
		{D7329EFB-6A57-4ED5-AA02-3EC3D7BD6307}.Release|Any CPU.Build.0 = Release|Any CPU
	EndGlobalSection
	GlobalSection(SolutionProperties) = preSolution
		HideSolutionNode = FALSE
	EndGlobalSection
	GlobalSection(NestedProjects) = preSolution
		{F615651A-B6EC-432E-8068-F3792847AC86} = {0100214C-1FEC-4BDB-9F44-B6461F236500}
		{BCF2078B-ED86-4C06-BB9D-EFC2A870B869} = {0100214C-1FEC-4BDB-9F44-B6461F236500}
		{E2CE719A-29DB-42BC-9B7C-E0A0FB720710} = {0100214C-1FEC-4BDB-9F44-B6461F236500}
		{774CBAAD-2253-45B8-BD0B-51929D48E4FF} = {B6965364-6DD0-4CDD-A5E7-68F8465D8EB1}
		{D7329EFB-6A57-4ED5-AA02-3EC3D7BD6307} = {AA717048-50E4-4A38-B0A8-53EEFAD6D252}
	EndGlobalSection
	GlobalSection(ExtensibilityGlobals) = postSolution
		SolutionGuid = {C980BE43-2F25-4B74-ACB5-482255CCEB65}
	EndGlobalSection
EndGlobal
